<Solution>
  <Project Path="src/NeraSpreadSheet.Foundation/NeraSpreadSheet.Foundation.csproj" />
  <Project Path="src/NeraSpreadSheet.Core/NeraSpreadSheet.Core.csproj" />
  <Project Path="src/NeraSpreadSheet.Formulas/NeraSpreadSheet.Formulas.csproj" />
  <Project Path="src/NeraSpreadSheet.Layout/NeraSpreadSheet.Layout.csproj" />
  <Project Path="src/NeraSpreadSheet.Scrolling/NeraSpreadSheet.Scrolling.csproj" />
  <Project Path="src/NeraSpreadSheet.Commands/NeraSpreadSheet.Commands.csproj" />
  <Project Path="src/NeraSpreadSheet.Interaction/NeraSpreadSheet.Interaction.csproj" />
  <Project Path="src/NeraSpreadSheet.Editing/NeraSpreadSheet.Editing.csproj" />
  <Project Path="src/NeraSpreadSheet.Ribbon.Core/NeraSpreadSheet.Ribbon.Core.csproj" />
  <Project Path="src/NeraSpreadSheet.Bars.Core/NeraSpreadSheet.Bars.Core.csproj" />
  <Project Path="src/NeraSpreadSheet.DataGrid.Core/NeraSpreadSheet.DataGrid.Core.csproj" />
  <Project Path="src/NeraSpreadSheet.Rendering.Abstractions/NeraSpreadSheet.Rendering.Abstractions.csproj" />
  <Project Path="src/NeraSpreadSheet.Rendering.Spreadsheet/NeraSpreadSheet.Rendering.Spreadsheet.csproj" />
  <Project Path="src/NeraSpreadSheet.Rendering.Skia/NeraSpreadSheet.Rendering.Skia.csproj" />
  <Project Path="src/NeraSpreadSheet.OpenXml/NeraSpreadSheet.OpenXml.csproj" />
  <Project Path="src/NeraSpreadSheet.Viewport/NeraSpreadSheet.Viewport.csproj" />
  <Project Path="tests/NeraSpreadSheet.Core.Tests/NeraSpreadSheet.Core.Tests.csproj" />
  <Project Path="tests/NeraSpreadSheet.Formulas.Tests/NeraSpreadSheet.Formulas.Tests.csproj" />
  <Project Path="tests/NeraSpreadSheet.Layout.Tests/NeraSpreadSheet.Layout.Tests.csproj" />
  <Project Path="tests/NeraSpreadSheet.Scrolling.Tests/NeraSpreadSheet.Scrolling.Tests.csproj" />
  <Project Path="tests/NeraSpreadSheet.Commands.Tests/NeraSpreadSheet.Commands.Tests.csproj" />
  <Project Path="tests/NeraSpreadSheet.Interaction.Tests/NeraSpreadSheet.Interaction.Tests.csproj" />
  <Project Path="tests/NeraSpreadSheet.Editing.Tests/NeraSpreadSheet.Editing.Tests.csproj" />
  <Project Path="tests/NeraSpreadSheet.Rendering.Spreadsheet.Tests/NeraSpreadSheet.Rendering.Spreadsheet.Tests.csproj" />
  <Project Path="tests/NeraSpreadSheet.Viewport.Tests/NeraSpreadSheet.Viewport.Tests.csproj" />
  <Project Path="benchmarks/NeraSpreadSheet.Benchmarks/NeraSpreadSheet.Benchmarks.csproj" />
</Solution>
